github.com/schnerring/hugo-mod-json-resume v0.0.0-20241001181342-879083f0b000 h1:+E7Ii7ZWOJuk8eRTc7pdVEo5NtbSGWd/4ovKg9YQBxc=
github.com/schnerring/hugo-mod-json-resume v0.0.0-20241001181342-879083f0b000/go.mod h1:sOjpBNFN9mITtxiRXl5oh+oeruYImPOgOH1j0Nf3GSY=
github.com/schnerring/hugo-theme-gruvbox v0.0.0-20241002215922-044ec55e14cc h1:YX6hy9oCBTc31PyiaHiUGlnkfYois1MznHlhnOAbBNI=
github.com/schnerring/hugo-theme-gruvbox v0.0.0-20241002215922-044ec55e14cc/go.mod h1:vE0bhoew3fZRF9mrZz25Ms6Y6FC609NeypEnnsl3cAM=
