{
  "name": "hugo-a-gogo",
  "lockfileVersion": 3,
  "requires": true,
  "packages": {
    "": {
      "devDependencies": {
        "@cloudflare/workers-types": "^4.20241011.0",
        "@types/google.accounts": "^0.0.15",
        "@types/jquery": "^3.5.32",
        "@types/underscore": "^1.13.0"
      }
    },
    "node_modules/@cloudflare/workers-types": {
      "version": "4.20241011.0",
      "resolved": "https://registry.npmjs.org/@cloudflare/workers-types/-/workers-types-4.20241011.0.tgz",
      "integrity": "sha512-emwBnuFB/2lS1z6NXAeBqrSL8Xwnr7YpgdLuchOmgu/igqBsLLNPBb4Qmgh3neFWUe9wbzQyx030836YF3c3Xw==",
      "dev": true
    },
    "node_modules/@types/google.accounts": {
      "version": "0.0.15",
      "resolved": "https://registry.npmjs.org/@types/google.accounts/-/google.accounts-0.0.15.tgz",
      "integrity": "sha512-NiydIuJzwdpnWNqTPOeDzGXhzz46Ll6T4rN3YWSm9Zfx/8ZfbwFbzyPSw1Tkz4uE3gQiU+fRj4KvBVUuHmk+KQ==",
      "dev": true
    },
    "node_modules/@types/jquery": {
      "version": "3.5.32",
      "resolved": "https://registry.npmjs.org/@types/jquery/-/jquery-3.5.32.tgz",
      "integrity": "sha512-b9Xbf4CkMqS02YH8zACqN1xzdxc3cO735Qe5AbSUFmyOiaWAbcpqh9Wna+Uk0vgACvoQHpWDg2rGdHkYPLmCiQ==",
      "dev": true,
      "dependencies": {
        "@types/sizzle": "*"
      }
    },
    "node_modules/@types/sizzle": {
      "version": "2.3.9",
      "resolved": "https://registry.npmjs.org/@types/sizzle/-/sizzle-2.3.9.tgz",
      "integrity": "sha512-xzLEyKB50yqCUPUJkIsrVvoWNfFUbIZI+RspLWt8u+tIW/BetMBZtgV2LY/2o+tYH8dRvQ+eoPf3NdhQCcLE2w==",
      "dev": true
    },
    "node_modules/@types/underscore": {
      "version": "1.13.0",
      "resolved": "https://registry.npmjs.org/@types/underscore/-/underscore-1.13.0.tgz",
      "integrity": "sha512-L6LBgy1f0EFQZ+7uSA57+n2g/s4Qs5r06Vwrwn0/nuK1de+adz00NWaztRQ30aEqw5qOaWbPI8u2cGQ52lj6VA==",
      "dev": true
    }
  }
}
